{
  "pins" : [
    {
      "identity" : "swift-syntax",
      "kind" : "remoteSourceControl",
      "location" : "https://github.com/apple/swift-syntax.git",
      "state" : {
        "branch" : "main",
        "revision" : "447c3a84f91d6bd389dfae5893640f1b592dc552"
      }
    }
  ],
  "version" : 2
}
